
Microsoft Visual Studio Solution File, Format Version 12.00
# Visual Studio 2013
VisualStudioVersion = 12.0.31101.0
MinimumVisualStudioVersion = 10.0.40219.1
Project("{FAE04EC0-301F-11D3-BF4B-00C04F79EFBC}") = "Edifact", "Edifact\Edifact.csproj", "{143EE99A-90F3-4586-B221-2205FEA36B02}"
EndProject
Project("{FAE04EC0-301F-11D3-BF4B-00C04F79EFBC}") = "EdifactViewer", "EdifactViewer\EdifactViewer.csproj", "{80216355-4625-43A5-9BCA-E9F6D49F54AD}"
EndProject
Global
	GlobalSection(SolutionConfigurationPlatforms) = preSolution
		Debug|Any CPU = Debug|Any CPU
		Release|Any CPU = Release|Any CPU
	EndGlobalSection
	GlobalSection(ProjectConfigurationPlatforms) = postSolution
		{143EE99A-90F3-4586-B221-2205FEA36B02}.Debug|Any CPU.ActiveCfg = Debug|Any CPU
		{143EE99A-90F3-4586-B221-2205FEA36B02}.Debug|Any CPU.Build.0 = Debug|Any CPU
		{143EE99A-90F3-4586-B221-2205FEA36B02}.Release|Any CPU.ActiveCfg = Release|Any CPU
		{143EE99A-90F3-4586-B221-2205FEA36B02}.Release|Any CPU.Build.0 = Release|Any CPU
		{80216355-4625-43A5-9BCA-E9F6D49F54AD}.Debug|Any CPU.ActiveCfg = Debug|Any CPU
		{80216355-4625-43A5-9BCA-E9F6D49F54AD}.Debug|Any CPU.Build.0 = Debug|Any CPU
		{80216355-4625-43A5-9BCA-E9F6D49F54AD}.Release|Any CPU.ActiveCfg = Release|Any CPU
		{80216355-4625-43A5-9BCA-E9F6D49F54AD}.Release|Any CPU.Build.0 = Release|Any CPU
	EndGlobalSection
	GlobalSection(SolutionProperties) = preSolution
		HideSolutionNode = FALSE
	EndGlobalSection
EndGlobal
